// !$*UTF8*$!
{
	archiveVersion = 1;
	classes = {
	};
	objectVersion = 56;
	objects = {

/* Begin PBXBuildFile section */
		E34EDA2E2BA4303D00EF49AC /* StylePulseApp.swift in Sources */ = {isa = PBXBuildFile; fileRef = E34EDA2D2BA4303D00EF49AC /* StylePulseApp.swift */; };
		E34EDA302BA4303D00EF49AC /* ContentView.swift in Sources */ = {isa = PBXBuildFile; fileRef = E34EDA2F2BA4303D00EF49AC /* ContentView.swift */; };
		E34EDA322BA4303F00EF49AC /* Assets.xcassets in Resources */ = {isa = PBXBuildFile; fileRef = E34EDA312BA4303F00EF49AC /* Assets.xcassets */; };
		E34EDA352BA4303F00EF49AC /* Preview Assets.xcassets in Resources */ = {isa = PBXBuildFile; fileRef = E34EDA342BA4303F00EF49AC /* Preview Assets.xcassets */; };
		E34EDA3F2BA4303F00EF49AC /* StylePulseTests.swift in Sources */ = {isa = PBXBuildFile; fileRef = E34EDA3E2BA4303F00EF49AC /* StylePulseTests.swift */; };
		E34EDA492BA4303F00EF49AC /* StylePulseUITests.swift in Sources */ = {isa = PBXBuildFile; fileRef = E34EDA482BA4303F00EF49AC /* StylePulseUITests.swift */; };
		E34EDA4B2BA4303F00EF49AC /* StylePulseUITestsLaunchTests.swift in Sources */ = {isa = PBXBuildFile; fileRef = E34EDA4A2BA4303F00EF49AC /* StylePulseUITestsLaunchTests.swift */; };
		E34EDA5E2BA430FA00EF49AC /* ApiHelper.swift in Sources */ = {isa = PBXBuildFile; fileRef = E34EDA5D2BA430FA00EF49AC /* ApiHelper.swift */; };
		E34EDA622BA4339600EF49AC /* ProductListView.swift in Sources */ = {isa = PBXBuildFile; fileRef = E34EDA612BA4339600EF49AC /* ProductListView.swift */; };
		E34EDA642BA433F000EF49AC /* SplashScreenView.swift in Sources */ = {isa = PBXBuildFile; fileRef = E34EDA632BA433F000EF49AC /* SplashScreenView.swift */; };
		E35EE3A42BA5FBAA005D103F /* BottomNavigationView.swift in Sources */ = {isa = PBXBuildFile; fileRef = E35EE3A32BA5FBAA005D103F /* BottomNavigationView.swift */; };
		E35EE3A62BA60147005D103F /* CartView.swift in Sources */ = {isa = PBXBuildFile; fileRef = E35EE3A52BA60147005D103F /* CartView.swift */; };
		E35F46382BA9CD420083873D /* ProductSearchView.swift in Sources */ = {isa = PBXBuildFile; fileRef = E35F46372BA9CD420083873D /* ProductSearchView.swift */; };
		E35F463A2BA9CE430083873D /* ProductSearchResultView.swift in Sources */ = {isa = PBXBuildFile; fileRef = E35F46392BA9CE430083873D /* ProductSearchResultView.swift */; };
		E35F463C2BA9DD080083873D /* SearchHeaderView.swift in Sources */ = {isa = PBXBuildFile; fileRef = E35F463B2BA9DD070083873D /* SearchHeaderView.swift */; };
		E35F463E2BAAA2320083873D /* BannerModel.swift in Sources */ = {isa = PBXBuildFile; fileRef = E35F463D2BAAA2320083873D /* BannerModel.swift */; };
		E35F46402BAAA82E0083873D /* ProductListViewModel.swift in Sources */ = {isa = PBXBuildFile; fileRef = E35F463F2BAAA82E0083873D /* ProductListViewModel.swift */; };
		E39FCF322BAACB1600683519 /* CategoryModel.swift in Sources */ = {isa = PBXBuildFile; fileRef = E39FCF312BAACB1600683519 /* CategoryModel.swift */; };
		E3B2C6742BA72B0D00312FDF /* ProductCardView.swift in Sources */ = {isa = PBXBuildFile; fileRef = E3B2C6732BA72B0D00312FDF /* ProductCardView.swift */; };
		E3B2C6762BA76C8E00312FDF /* ProductDetailsView.swift in Sources */ = {isa = PBXBuildFile; fileRef = E3B2C6752BA76C8D00312FDF /* ProductDetailsView.swift */; };
/* End PBXBuildFile section */

/* Begin PBXContainerItemProxy section */
		E34EDA3B2BA4303F00EF49AC /* PBXContainerItemProxy */ = {
			isa = PBXContainerItemProxy;
			containerPortal = E34EDA222BA4303D00EF49AC /* Project object */;
			proxyType = 1;
			remoteGlobalIDString = E34EDA292BA4303D00EF49AC;
			remoteInfo = StylePulse;
		};
		E34EDA452BA4303F00EF49AC /* PBXContainerItemProxy */ = {
			isa = PBXContainerItemProxy;
			containerPortal = E34EDA222BA4303D00EF49AC /* Project object */;
			proxyType = 1;
			remoteGlobalIDString = E34EDA292BA4303D00EF49AC;
			remoteInfo = StylePulse;
		};
/* End PBXContainerItemProxy section */

/* Begin PBXFileReference section */
		E34EDA2A2BA4303D00EF49AC /* StylePulse.app */ = {isa = PBXFileReference; explicitFileType = wrapper.application; includeInIndex = 0; path = StylePulse.app; sourceTree = BUILT_PRODUCTS_DIR; };
		E34EDA2D2BA4303D00EF49AC /* StylePulseApp.swift */ = {isa = PBXFileReference; lastKnownFileType = sourcecode.swift; path = StylePulseApp.swift; sourceTree = "<group>"; };
		E34EDA2F2BA4303D00EF49AC /* ContentView.swift */ = {isa = PBXFileReference; lastKnownFileType = sourcecode.swift; path = ContentView.swift; sourceTree = "<group>"; };
		E34EDA312BA4303F00EF49AC /* Assets.xcassets */ = {isa = PBXFileReference; lastKnownFileType = folder.assetcatalog; path = Assets.xcassets; sourceTree = "<group>"; };
		E34EDA342BA4303F00EF49AC /* Preview Assets.xcassets */ = {isa = PBXFileReference; lastKnownFileType = folder.assetcatalog; path = "Preview Assets.xcassets"; sourceTree = "<group>"; };
		E34EDA3A2BA4303F00EF49AC /* StylePulseTests.xctest */ = {isa = PBXFileReference; explicitFileType = wrapper.cfbundle; includeInIndex = 0; path = StylePulseTests.xctest; sourceTree = BUILT_PRODUCTS_DIR; };
		E34EDA3E2BA4303F00EF49AC /* StylePulseTests.swift */ = {isa = PBXFileReference; lastKnownFileType = sourcecode.swift; path = StylePulseTests.swift; sourceTree = "<group>"; };
		E34EDA442BA4303F00EF49AC /* StylePulseUITests.xctest */ = {isa = PBXFileReference; explicitFileType = wrapper.cfbundle; includeInIndex = 0; path = StylePulseUITests.xctest; sourceTree = BUILT_PRODUCTS_DIR; };
		E34EDA482BA4303F00EF49AC /* StylePulseUITests.swift */ = {isa = PBXFileReference; lastKnownFileType = sourcecode.swift; path = StylePulseUITests.swift; sourceTree = "<group>"; };
		E34EDA4A2BA4303F00EF49AC /* StylePulseUITestsLaunchTests.swift */ = {isa = PBXFileReference; lastKnownFileType = sourcecode.swift; path = StylePulseUITestsLaunchTests.swift; sourceTree = "<group>"; };
		E34EDA5D2BA430FA00EF49AC /* ApiHelper.swift */ = {isa = PBXFileReference; lastKnownFileType = sourcecode.swift; path = ApiHelper.swift; sourceTree = "<group>"; };
		E34EDA612BA4339600EF49AC /* ProductListView.swift */ = {isa = PBXFileReference; lastKnownFileType = sourcecode.swift; path = ProductListView.swift; sourceTree = "<group>"; };
		E34EDA632BA433F000EF49AC /* SplashScreenView.swift */ = {isa = PBXFileReference; lastKnownFileType = sourcecode.swift; path = SplashScreenView.swift; sourceTree = "<group>"; };
		E35EE3A32BA5FBAA005D103F /* BottomNavigationView.swift */ = {isa = PBXFileReference; lastKnownFileType = sourcecode.swift; path = BottomNavigationView.swift; sourceTree = "<group>"; };
		E35EE3A52BA60147005D103F /* CartView.swift */ = {isa = PBXFileReference; lastKnownFileType = sourcecode.swift; path = CartView.swift; sourceTree = "<group>"; };
		E35F46372BA9CD420083873D /* ProductSearchView.swift */ = {isa = PBXFileReference; lastKnownFileType = sourcecode.swift; path = ProductSearchView.swift; sourceTree = "<group>"; };
		E35F46392BA9CE430083873D /* ProductSearchResultView.swift */ = {isa = PBXFileReference; lastKnownFileType = sourcecode.swift; path = ProductSearchResultView.swift; sourceTree = "<group>"; };
		E35F463B2BA9DD070083873D /* SearchHeaderView.swift */ = {isa = PBXFileReference; lastKnownFileType = sourcecode.swift; path = SearchHeaderView.swift; sourceTree = "<group>"; };
		E35F463D2BAAA2320083873D /* BannerModel.swift */ = {isa = PBXFileReference; lastKnownFileType = sourcecode.swift; path = BannerModel.swift; sourceTree = "<group>"; };
		E35F463F2BAAA82E0083873D /* ProductListViewModel.swift */ = {isa = PBXFileReference; lastKnownFileType = sourcecode.swift; path = ProductListViewModel.swift; sourceTree = "<group>"; };
		E39FCF312BAACB1600683519 /* CategoryModel.swift */ = {isa = PBXFileReference; lastKnownFileType = sourcecode.swift; path = CategoryModel.swift; sourceTree = "<group>"; };
		E3B2C6732BA72B0D00312FDF /* ProductCardView.swift */ = {isa = PBXFileReference; lastKnownFileType = sourcecode.swift; path = ProductCardView.swift; sourceTree = "<group>"; };
		E3B2C6752BA76C8D00312FDF /* ProductDetailsView.swift */ = {isa = PBXFileReference; lastKnownFileType = sourcecode.swift; path = ProductDetailsView.swift; sourceTree = "<group>"; };
/* End PBXFileReference section */

/* Begin PBXFrameworksBuildPhase section */
		E34EDA272BA4303D00EF49AC /* Frameworks */ = {
			isa = PBXFrameworksBuildPhase;
			buildActionMask = 2147483647;
			files = (
			);
			runOnlyForDeploymentPostprocessing = 0;
		};
		E34EDA372BA4303F00EF49AC /* Frameworks */ = {
			isa = PBXFrameworksBuildPhase;
			buildActionMask = 2147483647;
			files = (
			);
			runOnlyForDeploymentPostprocessing = 0;
		};
		E34EDA412BA4303F00EF49AC /* Frameworks */ = {
			isa = PBXFrameworksBuildPhase;
			buildActionMask = 2147483647;
			files = (
			);
			runOnlyForDeploymentPostprocessing = 0;
		};
/* End PBXFrameworksBuildPhase section */

/* Begin PBXGroup section */
		E34EDA212BA4303D00EF49AC = {
			isa = PBXGroup;
			children = (
				E34EDA2C2BA4303D00EF49AC /* StylePulse */,
				E34EDA3D2BA4303F00EF49AC /* StylePulseTests */,
				E34EDA472BA4303F00EF49AC /* StylePulseUITests */,
				E34EDA2B2BA4303D00EF49AC /* Products */,
			);
			sourceTree = "<group>";
		};
		E34EDA2B2BA4303D00EF49AC /* Products */ = {
			isa = PBXGroup;
			children = (
				E34EDA2A2BA4303D00EF49AC /* StylePulse.app */,
				E34EDA3A2BA4303F00EF49AC /* StylePulseTests.xctest */,
				E34EDA442BA4303F00EF49AC /* StylePulseUITests.xctest */,
			);
			name = Products;
			sourceTree = "<group>";
		};
		E34EDA2C2BA4303D00EF49AC /* StylePulse */ = {
			isa = PBXGroup;
			children = (
				E34EDA5C2BA430E000EF49AC /* Healpers */,
				E34EDA592BA430A400EF49AC /* Views */,
				E34EDA582BA4309000EF49AC /* ViewModels */,
				E34EDA572BA4308900EF49AC /* Models */,
				E34EDA2D2BA4303D00EF49AC /* StylePulseApp.swift */,
				E34EDA2F2BA4303D00EF49AC /* ContentView.swift */,
				E34EDA312BA4303F00EF49AC /* Assets.xcassets */,
				E34EDA332BA4303F00EF49AC /* Preview Content */,
			);
			path = StylePulse;
			sourceTree = "<group>";
		};
		E34EDA332BA4303F00EF49AC /* Preview Content */ = {
			isa = PBXGroup;
			children = (
				E34EDA342BA4303F00EF49AC /* Preview Assets.xcassets */,
			);
			path = "Preview Content";
			sourceTree = "<group>";
		};
		E34EDA3D2BA4303F00EF49AC /* StylePulseTests */ = {
			isa = PBXGroup;
			children = (
				E34EDA3E2BA4303F00EF49AC /* StylePulseTests.swift */,
			);
			path = StylePulseTests;
			sourceTree = "<group>";
		};
		E34EDA472BA4303F00EF49AC /* StylePulseUITests */ = {
			isa = PBXGroup;
			children = (
				E34EDA482BA4303F00EF49AC /* StylePulseUITests.swift */,
				E34EDA4A2BA4303F00EF49AC /* StylePulseUITestsLaunchTests.swift */,
			);
			path = StylePulseUITests;
			sourceTree = "<group>";
		};
		E34EDA572BA4308900EF49AC /* Models */ = {
			isa = PBXGroup;
			children = (
				E35F463D2BAAA2320083873D /* BannerModel.swift */,
				E39FCF312BAACB1600683519 /* CategoryModel.swift */,
			);
			path = Models;
			sourceTree = "<group>";
		};
		E34EDA582BA4309000EF49AC /* ViewModels */ = {
			isa = PBXGroup;
			children = (
				E35F463F2BAAA82E0083873D /* ProductListViewModel.swift */,
			);
			path = ViewModels;
			sourceTree = "<group>";
		};
		E34EDA592BA430A400EF49AC /* Views */ = {
			isa = PBXGroup;
			children = (
				E35EE3A22BA5FB76005D103F /* ViewComponents */,
				E34EDA612BA4339600EF49AC /* ProductListView.swift */,
				E34EDA632BA433F000EF49AC /* SplashScreenView.swift */,
				E35EE3A52BA60147005D103F /* CartView.swift */,
				E3B2C6752BA76C8D00312FDF /* ProductDetailsView.swift */,
				E35F46372BA9CD420083873D /* ProductSearchView.swift */,
				E35F46392BA9CE430083873D /* ProductSearchResultView.swift */,
			);
			path = Views;
			sourceTree = "<group>";
		};
		E34EDA5C2BA430E000EF49AC /* Healpers */ = {
			isa = PBXGroup;
			children = (
				E34EDA5D2BA430FA00EF49AC /* ApiHelper.swift */,
			);
			path = Healpers;
			sourceTree = "<group>";
		};
		E35EE3A22BA5FB76005D103F /* ViewComponents */ = {
			isa = PBXGroup;
			children = (
				E35EE3A32BA5FBAA005D103F /* BottomNavigationView.swift */,
				E3B2C6732BA72B0D00312FDF /* ProductCardView.swift */,
				E35F463B2BA9DD070083873D /* SearchHeaderView.swift */,
			);
			path = ViewComponents;
			sourceTree = "<group>";
		};
/* End PBXGroup section */

/* Begin PBXNativeTarget section */
		E34EDA292BA4303D00EF49AC /* StylePulse */ = {
			isa = PBXNativeTarget;
			buildConfigurationList = E34EDA4E2BA4303F00EF49AC /* Build configuration list for PBXNativeTarget "StylePulse" */;
			buildPhases = (
				E34EDA262BA4303D00EF49AC /* Sources */,
				E34EDA272BA4303D00EF49AC /* Frameworks */,
				E34EDA282BA4303D00EF49AC /* Resources */,
			);
			buildRules = (
			);
			dependencies = (
			);
			name = StylePulse;
			productName = StylePulse;
			productReference = E34EDA2A2BA4303D00EF49AC /* StylePulse.app */;
			productType = "com.apple.product-type.application";
		};
		E34EDA392BA4303F00EF49AC /* StylePulseTests */ = {
			isa = PBXNativeTarget;
			buildConfigurationList = E34EDA512BA4303F00EF49AC /* Build configuration list for PBXNativeTarget "StylePulseTests" */;
			buildPhases = (
				E34EDA362BA4303F00EF49AC /* Sources */,
				E34EDA372BA4303F00EF49AC /* Frameworks */,
				E34EDA382BA4303F00EF49AC /* Resources */,
			);
			buildRules = (
			);
			dependencies = (
				E34EDA3C2BA4303F00EF49AC /* PBXTargetDependency */,
			);
			name = StylePulseTests;
			productName = StylePulseTests;
			productReference = E34EDA3A2BA4303F00EF49AC /* StylePulseTests.xctest */;
			productType = "com.apple.product-type.bundle.unit-test";
		};
		E34EDA432BA4303F00EF49AC /* StylePulseUITests */ = {
			isa = PBXNativeTarget;
			buildConfigurationList = E34EDA542BA4303F00EF49AC /* Build configuration list for PBXNativeTarget "StylePulseUITests" */;
			buildPhases = (
				E34EDA402BA4303F00EF49AC /* Sources */,
				E34EDA412BA4303F00EF49AC /* Frameworks */,
				E34EDA422BA4303F00EF49AC /* Resources */,
			);
			buildRules = (
			);
			dependencies = (
				E34EDA462BA4303F00EF49AC /* PBXTargetDependency */,
			);
			name = StylePulseUITests;
			productName = StylePulseUITests;
			productReference = E34EDA442BA4303F00EF49AC /* StylePulseUITests.xctest */;
			productType = "com.apple.product-type.bundle.ui-testing";
		};
/* End PBXNativeTarget section */

/* Begin PBXProject section */
		E34EDA222BA4303D00EF49AC /* Project object */ = {
			isa = PBXProject;
			attributes = {
				BuildIndependentTargetsInParallel = 1;
				LastSwiftUpdateCheck = 1500;
				LastUpgradeCheck = 1500;
				TargetAttributes = {
					E34EDA292BA4303D00EF49AC = {
						CreatedOnToolsVersion = 15.0.1;
					};
					E34EDA392BA4303F00EF49AC = {
						CreatedOnToolsVersion = 15.0.1;
						TestTargetID = E34EDA292BA4303D00EF49AC;
					};
					E34EDA432BA4303F00EF49AC = {
						CreatedOnToolsVersion = 15.0.1;
						TestTargetID = E34EDA292BA4303D00EF49AC;
					};
				};
			};
			buildConfigurationList = E34EDA252BA4303D00EF49AC /* Build configuration list for PBXProject "StylePulse" */;
			compatibilityVersion = "Xcode 14.0";
			developmentRegion = en;
			hasScannedForEncodings = 0;
			knownRegions = (
				en,
				Base,
			);
			mainGroup = E34EDA212BA4303D00EF49AC;
			productRefGroup = E34EDA2B2BA4303D00EF49AC /* Products */;
			projectDirPath = "";
			projectRoot = "";
			targets = (
				E34EDA292BA4303D00EF49AC /* StylePulse */,
				E34EDA392BA4303F00EF49AC /* StylePulseTests */,
				E34EDA432BA4303F00EF49AC /* StylePulseUITests */,
			);
		};
/* End PBXProject section */

/* Begin PBXResourcesBuildPhase section */
		E34EDA282BA4303D00EF49AC /* Resources */ = {
			isa = PBXResourcesBuildPhase;
			buildActionMask = 2147483647;
			files = (
				E34EDA352BA4303F00EF49AC /* Preview Assets.xcassets in Resources */,
				E34EDA322BA4303F00EF49AC /* Assets.xcassets in Resources */,
			);
			runOnlyForDeploymentPostprocessing = 0;
		};
		E34EDA382BA4303F00EF49AC /* Resources */ = {
			isa = PBXResourcesBuildPhase;
			buildActionMask = 2147483647;
			files = (
			);
			runOnlyForDeploymentPostprocessing = 0;
		};
		E34EDA422BA4303F00EF49AC /* Resources */ = {
			isa = PBXResourcesBuildPhase;
			buildActionMask = 2147483647;
			files = (
			);
			runOnlyForDeploymentPostprocessing = 0;
		};
/* End PBXResourcesBuildPhase section */

/* Begin PBXSourcesBuildPhase section */
		E34EDA262BA4303D00EF49AC /* Sources */ = {
			isa = PBXSourcesBuildPhase;
			buildActionMask = 2147483647;
			files = (
				E34EDA5E2BA430FA00EF49AC /* ApiHelper.swift in Sources */,
				E35EE3A62BA60147005D103F /* CartView.swift in Sources */,
				E34EDA302BA4303D00EF49AC /* ContentView.swift in Sources */,
				E34EDA642BA433F000EF49AC /* SplashScreenView.swift in Sources */,
				E35F463E2BAAA2320083873D /* BannerModel.swift in Sources */,
				E34EDA2E2BA4303D00EF49AC /* StylePulseApp.swift in Sources */,
				E35F463C2BA9DD080083873D /* SearchHeaderView.swift in Sources */,
				E35F46382BA9CD420083873D /* ProductSearchView.swift in Sources */,
				E34EDA622BA4339600EF49AC /* ProductListView.swift in Sources */,
				E3B2C6742BA72B0D00312FDF /* ProductCardView.swift in Sources */,
				E35F46402BAAA82E0083873D /* ProductListViewModel.swift in Sources */,
				E35F463A2BA9CE430083873D /* ProductSearchResultView.swift in Sources */,
				E35EE3A42BA5FBAA005D103F /* BottomNavigationView.swift in Sources */,
				E39FCF322BAACB1600683519 /* CategoryModel.swift in Sources */,
				E3B2C6762BA76C8E00312FDF /* ProductDetailsView.swift in Sources */,
			);
			runOnlyForDeploymentPostprocessing = 0;
		};
		E34EDA362BA4303F00EF49AC /* Sources */ = {
			isa = PBXSourcesBuildPhase;
			buildActionMask = 2147483647;
			files = (
				E34EDA3F2BA4303F00EF49AC /* StylePulseTests.swift in Sources */,
			);
			runOnlyForDeploymentPostprocessing = 0;
		};
		E34EDA402BA4303F00EF49AC /* Sources */ = {
			isa = PBXSourcesBuildPhase;
			buildActionMask = 2147483647;
			files = (
				E34EDA4B2BA4303F00EF49AC /* StylePulseUITestsLaunchTests.swift in Sources */,
				E34EDA492BA4303F00EF49AC /* StylePulseUITests.swift in Sources */,
			);
			runOnlyForDeploymentPostprocessing = 0;
		};
/* End PBXSourcesBuildPhase section */

/* Begin PBXTargetDependency section */
		E34EDA3C2BA4303F00EF49AC /* PBXTargetDependency */ = {
			isa = PBXTargetDependency;
			target = E34EDA292BA4303D00EF49AC /* StylePulse */;
			targetProxy = E34EDA3B2BA4303F00EF49AC /* PBXContainerItemProxy */;
		};
		E34EDA462BA4303F00EF49AC /* PBXTargetDependency */ = {
			isa = PBXTargetDependency;
			target = E34EDA292BA4303D00EF49AC /* StylePulse */;
			targetProxy = E34EDA452BA4303F00EF49AC /* PBXContainerItemProxy */;
		};
/* End PBXTargetDependency section */

/* Begin XCBuildConfiguration section */
		E34EDA4C2BA4303F00EF49AC /* Debug */ = {
			isa = XCBuildConfiguration;
			buildSettings = {
				ALWAYS_SEARCH_USER_PATHS = NO;
				ASSETCATALOG_COMPILER_GENERATE_SWIFT_ASSET_SYMBOL_EXTENSIONS = YES;
				CLANG_ANALYZER_NONNULL = YES;
				CLANG_ANALYZER_NUMBER_OBJECT_CONVERSION = YES_AGGRESSIVE;
				CLANG_CXX_LANGUAGE_STANDARD = "gnu++20";
				CLANG_ENABLE_MODULES = YES;
				CLANG_ENABLE_OBJC_ARC = YES;
				CLANG_ENABLE_OBJC_WEAK = YES;
				CLANG_WARN_BLOCK_CAPTURE_AUTORELEASING = YES;
				CLANG_WARN_BOOL_CONVERSION = YES;
				CLANG_WARN_COMMA = YES;
				CLANG_WARN_CONSTANT_CONVERSION = YES;
				CLANG_WARN_DEPRECATED_OBJC_IMPLEMENTATIONS = YES;
				CLANG_WARN_DIRECT_OBJC_ISA_USAGE = YES_ERROR;
				CLANG_WARN_DOCUMENTATION_COMMENTS = YES;
				CLANG_WARN_EMPTY_BODY = YES;
				CLANG_WARN_ENUM_CONVERSION = YES;
				CLANG_WARN_INFINITE_RECURSION = YES;
				CLANG_WARN_INT_CONVERSION = YES;
				CLANG_WARN_NON_LITERAL_NULL_CONVERSION = YES;
				CLANG_WARN_OBJC_IMPLICIT_RETAIN_SELF = YES;
				CLANG_WARN_OBJC_LITERAL_CONVERSION = YES;
				CLANG_WARN_OBJC_ROOT_CLASS = YES_ERROR;
				CLANG_WARN_QUOTED_INCLUDE_IN_FRAMEWORK_HEADER = YES;
				CLANG_WARN_RANGE_LOOP_ANALYSIS = YES;
				CLANG_WARN_STRICT_PROTOTYPES = YES;
				CLANG_WARN_SUSPICIOUS_MOVE = YES;
				CLANG_WARN_UNGUARDED_AVAILABILITY = YES_AGGRESSIVE;
				CLANG_WARN_UNREACHABLE_CODE = YES;
				CLANG_WARN__DUPLICATE_METHOD_MATCH = YES;
				COPY_PHASE_STRIP = NO;
				DEBUG_INFORMATION_FORMAT = dwarf;
				ENABLE_STRICT_OBJC_MSGSEND = YES;
				ENABLE_TESTABILITY = YES;
				ENABLE_USER_SCRIPT_SANDBOXING = YES;
				GCC_C_LANGUAGE_STANDARD = gnu17;
				GCC_DYNAMIC_NO_PIC = NO;
				GCC_NO_COMMON_BLOCKS = YES;
				GCC_OPTIMIZATION_LEVEL = 0;
				GCC_PREPROCESSOR_DEFINITIONS = (
					"DEBUG=1",
					"$(inherited)",
				);
				GCC_WARN_64_TO_32_BIT_CONVERSION = YES;
				GCC_WARN_ABOUT_RETURN_TYPE = YES_ERROR;
				GCC_WARN_UNDECLARED_SELECTOR = YES;
				GCC_WARN_UNINITIALIZED_AUTOS = YES_AGGRESSIVE;
				GCC_WARN_UNUSED_FUNCTION = YES;
				GCC_WARN_UNUSED_VARIABLE = YES;
				IPHONEOS_DEPLOYMENT_TARGET = 17.0;
				LOCALIZATION_PREFERS_STRING_CATALOGS = YES;
				MTL_ENABLE_DEBUG_INFO = INCLUDE_SOURCE;
				MTL_FAST_MATH = YES;
				ONLY_ACTIVE_ARCH = YES;
				SDKROOT = iphoneos;
				SWIFT_ACTIVE_COMPILATION_CONDITIONS = "DEBUG $(inherited)";
				SWIFT_OPTIMIZATION_LEVEL = "-Onone";
			};
			name = Debug;
		};
		E34EDA4D2BA4303F00EF49AC /* Release */ = {
			isa = XCBuildConfiguration;
			buildSettings = {
				ALWAYS_SEARCH_USER_PATHS = NO;
				ASSETCATALOG_COMPILER_GENERATE_SWIFT_ASSET_SYMBOL_EXTENSIONS = YES;
				CLANG_ANALYZER_NONNULL = YES;
				CLANG_ANALYZER_NUMBER_OBJECT_CONVERSION = YES_AGGRESSIVE;
				CLANG_CXX_LANGUAGE_STANDARD = "gnu++20";
				CLANG_ENABLE_MODULES = YES;
				CLANG_ENABLE_OBJC_ARC = YES;
				CLANG_ENABLE_OBJC_WEAK = YES;
				CLANG_WARN_BLOCK_CAPTURE_AUTORELEASING = YES;
				CLANG_WARN_BOOL_CONVERSION = YES;
				CLANG_WARN_COMMA = YES;
				CLANG_WARN_CONSTANT_CONVERSION = YES;
				CLANG_WARN_DEPRECATED_OBJC_IMPLEMENTATIONS = YES;
				CLANG_WARN_DIRECT_OBJC_ISA_USAGE = YES_ERROR;
				CLANG_WARN_DOCUMENTATION_COMMENTS = YES;
				CLANG_WARN_EMPTY_BODY = YES;
				CLANG_WARN_ENUM_CONVERSION = YES;
				CLANG_WARN_INFINITE_RECURSION = YES;
				CLANG_WARN_INT_CONVERSION = YES;
				CLANG_WARN_NON_LITERAL_NULL_CONVERSION = YES;
				CLANG_WARN_OBJC_IMPLICIT_RETAIN_SELF = YES;
				CLANG_WARN_OBJC_LITERAL_CONVERSION = YES;
				CLANG_WARN_OBJC_ROOT_CLASS = YES_ERROR;
				CLANG_WARN_QUOTED_INCLUDE_IN_FRAMEWORK_HEADER = YES;
				CLANG_WARN_RANGE_LOOP_ANALYSIS = YES;
				CLANG_WARN_STRICT_PROTOTYPES = YES;
				CLANG_WARN_SUSPICIOUS_MOVE = YES;
				CLANG_WARN_UNGUARDED_AVAILABILITY = YES_AGGRESSIVE;
				CLANG_WARN_UNREACHABLE_CODE = YES;
				CLANG_WARN__DUPLICATE_METHOD_MATCH = YES;
				COPY_PHASE_STRIP = NO;
				DEBUG_INFORMATION_FORMAT = "dwarf-with-dsym";
				ENABLE_NS_ASSERTIONS = NO;
				ENABLE_STRICT_OBJC_MSGSEND = YES;
				ENABLE_USER_SCRIPT_SANDBOXING = YES;
				GCC_C_LANGUAGE_STANDARD = gnu17;
				GCC_NO_COMMON_BLOCKS = YES;
				GCC_WARN_64_TO_32_BIT_CONVERSION = YES;
				GCC_WARN_ABOUT_RETURN_TYPE = YES_ERROR;
				GCC_WARN_UNDECLARED_SELECTOR = YES;
				GCC_WARN_UNINITIALIZED_AUTOS = YES_AGGRESSIVE;
				GCC_WARN_UNUSED_FUNCTION = YES;
				GCC_WARN_UNUSED_VARIABLE = YES;
				IPHONEOS_DEPLOYMENT_TARGET = 17.0;
				LOCALIZATION_PREFERS_STRING_CATALOGS = YES;
				MTL_ENABLE_DEBUG_INFO = NO;
				MTL_FAST_MATH = YES;
				SDKROOT = iphoneos;
				SWIFT_COMPILATION_MODE = wholemodule;
				VALIDATE_PRODUCT = YES;
			};
			name = Release;
		};
		E34EDA4F2BA4303F00EF49AC /* Debug */ = {
			isa = XCBuildConfiguration;
			buildSettings = {
				ASSETCATALOG_COMPILER_APPICON_NAME = AppIcon;
				ASSETCATALOG_COMPILER_GLOBAL_ACCENT_COLOR_NAME = AccentColor;
				CODE_SIGN_STYLE = Automatic;
				CURRENT_PROJECT_VERSION = 1;
				DEVELOPMENT_ASSET_PATHS = "\"StylePulse/Preview Content\"";
				ENABLE_PREVIEWS = YES;
				GENERATE_INFOPLIST_FILE = YES;
				INFOPLIST_KEY_UIApplicationSceneManifest_Generation = YES;
				INFOPLIST_KEY_UIApplicationSupportsIndirectInputEvents = YES;
				INFOPLIST_KEY_UILaunchScreen_Generation = YES;
				INFOPLIST_KEY_UISupportedInterfaceOrientations_iPad = "UIInterfaceOrientationPortrait UIInterfaceOrientationPortraitUpsideDown UIInterfaceOrientationLandscapeLeft UIInterfaceOrientationLandscapeRight";
				INFOPLIST_KEY_UISupportedInterfaceOrientations_iPhone = "UIInterfaceOrientationPortrait UIInterfaceOrientationLandscapeLeft UIInterfaceOrientationLandscapeRight";
				IPHONEOS_DEPLOYMENT_TARGET = 17.0;
				LD_RUNPATH_SEARCH_PATHS = (
					"$(inherited)",
					"@executable_path/Frameworks",
				);
				MARKETING_VERSION = 1.0;
				PRODUCT_BUNDLE_IDENTIFIER = kavindu.StylePulse;
				PRODUCT_NAME = "$(TARGET_NAME)";
				SWIFT_EMIT_LOC_STRINGS = YES;
				SWIFT_VERSION = 5.0;
				TARGETED_DEVICE_FAMILY = "1,2";
			};
			name = Debug;
		};
		E34EDA502BA4303F00EF49AC /* Release */ = {
			isa = XCBuildConfiguration;
			buildSettings = {
				ASSETCATALOG_COMPILER_APPICON_NAME = AppIcon;
				ASSETCATALOG_COMPILER_GLOBAL_ACCENT_COLOR_NAME = AccentColor;
				CODE_SIGN_STYLE = Automatic;
				CURRENT_PROJECT_VERSION = 1;
				DEVELOPMENT_ASSET_PATHS = "\"StylePulse/Preview Content\"";
				ENABLE_PREVIEWS = YES;
				GENERATE_INFOPLIST_FILE = YES;
				INFOPLIST_KEY_UIApplicationSceneManifest_Generation = YES;
				INFOPLIST_KEY_UIApplicationSupportsIndirectInputEvents = YES;
				INFOPLIST_KEY_UILaunchScreen_Generation = YES;
				INFOPLIST_KEY_UISupportedInterfaceOrientations_iPad = "UIInterfaceOrientationPortrait UIInterfaceOrientationPortraitUpsideDown UIInterfaceOrientationLandscapeLeft UIInterfaceOrientationLandscapeRight";
				INFOPLIST_KEY_UISupportedInterfaceOrientations_iPhone = "UIInterfaceOrientationPortrait UIInterfaceOrientationLandscapeLeft UIInterfaceOrientationLandscapeRight";
				IPHONEOS_DEPLOYMENT_TARGET = 17.0;
				LD_RUNPATH_SEARCH_PATHS = (
					"$(inherited)",
					"@executable_path/Frameworks",
				);
				MARKETING_VERSION = 1.0;
				PRODUCT_BUNDLE_IDENTIFIER = kavindu.StylePulse;
				PRODUCT_NAME = "$(TARGET_NAME)";
				SWIFT_EMIT_LOC_STRINGS = YES;
				SWIFT_VERSION = 5.0;
				TARGETED_DEVICE_FAMILY = "1,2";
			};
			name = Release;
		};
		E34EDA522BA4303F00EF49AC /* Debug */ = {
			isa = XCBuildConfiguration;
			buildSettings = {
				ALWAYS_EMBED_SWIFT_STANDARD_LIBRARIES = YES;
				BUNDLE_LOADER = "$(TEST_HOST)";
				CODE_SIGN_STYLE = Automatic;
				CURRENT_PROJECT_VERSION = 1;
				GENERATE_INFOPLIST_FILE = YES;
				IPHONEOS_DEPLOYMENT_TARGET = 17.0;
				MARKETING_VERSION = 1.0;
				PRODUCT_BUNDLE_IDENTIFIER = kavindu.StylePulseTests;
				PRODUCT_NAME = "$(TARGET_NAME)";
				SWIFT_EMIT_LOC_STRINGS = NO;
				SWIFT_VERSION = 5.0;
				TARGETED_DEVICE_FAMILY = "1,2";
				TEST_HOST = "$(BUILT_PRODUCTS_DIR)/StylePulse.app/$(BUNDLE_EXECUTABLE_FOLDER_PATH)/StylePulse";
			};
			name = Debug;
		};
		E34EDA532BA4303F00EF49AC /* Release */ = {
			isa = XCBuildConfiguration;
			buildSettings = {
				ALWAYS_EMBED_SWIFT_STANDARD_LIBRARIES = YES;
				BUNDLE_LOADER = "$(TEST_HOST)";
				CODE_SIGN_STYLE = Automatic;
				CURRENT_PROJECT_VERSION = 1;
				GENERATE_INFOPLIST_FILE = YES;
				IPHONEOS_DEPLOYMENT_TARGET = 17.0;
				MARKETING_VERSION = 1.0;
				PRODUCT_BUNDLE_IDENTIFIER = kavindu.StylePulseTests;
				PRODUCT_NAME = "$(TARGET_NAME)";
				SWIFT_EMIT_LOC_STRINGS = NO;
				SWIFT_VERSION = 5.0;
				TARGETED_DEVICE_FAMILY = "1,2";
				TEST_HOST = "$(BUILT_PRODUCTS_DIR)/StylePulse.app/$(BUNDLE_EXECUTABLE_FOLDER_PATH)/StylePulse";
			};
			name = Release;
		};
		E34EDA552BA4303F00EF49AC /* Debug */ = {
			isa = XCBuildConfiguration;
			buildSettings = {
				ALWAYS_EMBED_SWIFT_STANDARD_LIBRARIES = YES;
				CODE_SIGN_STYLE = Automatic;
				CURRENT_PROJECT_VERSION = 1;
				GENERATE_INFOPLIST_FILE = YES;
				MARKETING_VERSION = 1.0;
				PRODUCT_BUNDLE_IDENTIFIER = kavindu.StylePulseUITests;
				PRODUCT_NAME = "$(TARGET_NAME)";
				SWIFT_EMIT_LOC_STRINGS = NO;
				SWIFT_VERSION = 5.0;
				TARGETED_DEVICE_FAMILY = "1,2";
				TEST_TARGET_NAME = StylePulse;
			};
			name = Debug;
		};
		E34EDA562BA4303F00EF49AC /* Release */ = {
			isa = XCBuildConfiguration;
			buildSettings = {
				ALWAYS_EMBED_SWIFT_STANDARD_LIBRARIES = YES;
				CODE_SIGN_STYLE = Automatic;
				CURRENT_PROJECT_VERSION = 1;
				GENERATE_INFOPLIST_FILE = YES;
				MARKETING_VERSION = 1.0;
				PRODUCT_BUNDLE_IDENTIFIER = kavindu.StylePulseUITests;
				PRODUCT_NAME = "$(TARGET_NAME)";
				SWIFT_EMIT_LOC_STRINGS = NO;
				SWIFT_VERSION = 5.0;
				TARGETED_DEVICE_FAMILY = "1,2";
				TEST_TARGET_NAME = StylePulse;
			};
			name = Release;
		};
/* End XCBuildConfiguration section */

/* Begin XCConfigurationList section */
		E34EDA252BA4303D00EF49AC /* Build configuration list for PBXProject "StylePulse" */ = {
			isa = XCConfigurationList;
			buildConfigurations = (
				E34EDA4C2BA4303F00EF49AC /* Debug */,
				E34EDA4D2BA4303F00EF49AC /* Release */,
			);
			defaultConfigurationIsVisible = 0;
			defaultConfigurationName = Release;
		};
		E34EDA4E2BA4303F00EF49AC /* Build configuration list for PBXNativeTarget "StylePulse" */ = {
			isa = XCConfigurationList;
			buildConfigurations = (
				E34EDA4F2BA4303F00EF49AC /* Debug */,
				E34EDA502BA4303F00EF49AC /* Release */,
			);
			defaultConfigurationIsVisible = 0;
			defaultConfigurationName = Release;
		};
		E34EDA512BA4303F00EF49AC /* Build configuration list for PBXNativeTarget "StylePulseTests" */ = {
			isa = XCConfigurationList;
			buildConfigurations = (
				E34EDA522BA4303F00EF49AC /* Debug */,
				E34EDA532BA4303F00EF49AC /* Release */,
			);
			defaultConfigurationIsVisible = 0;
			defaultConfigurationName = Release;
		};
		E34EDA542BA4303F00EF49AC /* Build configuration list for PBXNativeTarget "StylePulseUITests" */ = {
			isa = XCConfigurationList;
			buildConfigurations = (
				E34EDA552BA4303F00EF49AC /* Debug */,
				E34EDA562BA4303F00EF49AC /* Release */,
			);
			defaultConfigurationIsVisible = 0;
			defaultConfigurationName = Release;
		};
/* End XCConfigurationList section */
	};
	rootObject = E34EDA222BA4303D00EF49AC /* Project object */;
}
